// !$*UTF8*$!
{
	archiveVersion = 1;
	classes = {
	};
	objectVersion = 46;
	objects = {

/* Begin PBXBuildFile section */
		9CDAA8301834530100A11FFD /* App.cpp in Sources */ = {isa = PBXBuildFile; fileRef = 9C3D44A918340BA300B1F6AC /* App.cpp */; };
		9CDAA8311834530100A11FFD /* ConfigCreate.cpp in Sources */ = {isa = PBXBuildFile; fileRef = 9C3D44AB18340BA300B1F6AC /* ConfigCreate.cpp */; };
		9CDAA8321834530100A11FFD /* ConfigReader.cpp in Sources */ = {isa = PBXBuildFile; fileRef = 9C3D44AC18340BA300B1F6AC /* ConfigReader.cpp */; };
		9CDAA8331834530100A11FFD /* Scene.cpp in Sources */ = {isa = PBXBuildFile; fileRef = 9C3D44AE18340BA300B1F6AC /* Scene.cpp */; };
		9CDAA8341834530100A11FFD /* SceneManager.cpp in Sources */ = {isa = PBXBuildFile; fileRef = 9C3D44AF18340BA300B1F6AC /* SceneManager.cpp */; };
		9CDAA8351834530100A11FFD /* Log.cpp in Sources */ = {isa = PBXBuildFile; fileRef = 9C3D44B118340BA300B1F6AC /* Log.cpp */; };
		9CDAA8361834530100A11FFD /* StringUtil.cpp in Sources */ = {isa = PBXBuildFile; fileRef = 9C3D44B318340BA300B1F6AC /* StringUtil.cpp */; };
		9CDAA8371834539F00A11FFD /* SFML.framework in Frameworks */ = {isa = PBXBuildFile; fileRef = 9C11C132182FF75E00988E31 /* SFML.framework */; };
/* End PBXBuildFile section */

/* Begin PBXFileReference section */
		9C11C132182FF75E00988E31 /* SFML.framework */ = {isa = PBXFileReference; lastKnownFileType = wrapper.framework; name = SFML.framework; path = /Library/Frameworks/SFML.framework; sourceTree = "<absolute>"; };
		9C3D44A518340B9000B1F6AC /* include */ = {isa = PBXFileReference; lastKnownFileType = folder; name = include; path = ../../src/GDE/include; sourceTree = "<group>"; };
		9C3D44A918340BA300B1F6AC /* App.cpp */ = {isa = PBXFileReference; fileEncoding = 4; lastKnownFileType = sourcecode.cpp.cpp; name = App.cpp; path = App/App.cpp; sourceTree = "<group>"; };
		9C3D44AB18340BA300B1F6AC /* ConfigCreate.cpp */ = {isa = PBXFileReference; fileEncoding = 4; lastKnownFileType = sourcecode.cpp.cpp; name = ConfigCreate.cpp; path = Config/ConfigCreate.cpp; sourceTree = "<group>"; };
		9C3D44AC18340BA300B1F6AC /* ConfigReader.cpp */ = {isa = PBXFileReference; fileEncoding = 4; lastKnownFileType = sourcecode.cpp.cpp; name = ConfigReader.cpp; path = Config/ConfigReader.cpp; sourceTree = "<group>"; };
		9C3D44AE18340BA300B1F6AC /* Scene.cpp */ = {isa = PBXFileReference; fileEncoding = 4; lastKnownFileType = sourcecode.cpp.cpp; name = Scene.cpp; path = SceneManager/Scene.cpp; sourceTree = "<group>"; };
		9C3D44AF18340BA300B1F6AC /* SceneManager.cpp */ = {isa = PBXFileReference; fileEncoding = 4; lastKnownFileType = sourcecode.cpp.cpp; name = SceneManager.cpp; path = SceneManager/SceneManager.cpp; sourceTree = "<group>"; };
		9C3D44B118340BA300B1F6AC /* Log.cpp */ = {isa = PBXFileReference; fileEncoding = 4; lastKnownFileType = sourcecode.cpp.cpp; path = Log.cpp; sourceTree = "<group>"; };
		9C3D44B318340BA300B1F6AC /* StringUtil.cpp */ = {isa = PBXFileReference; fileEncoding = 4; lastKnownFileType = sourcecode.cpp.cpp; path = StringUtil.cpp; sourceTree = "<group>"; };
		9CB89EFB1834507C0025BFE4 /* libGDE.a */ = {isa = PBXFileReference; explicitFileType = archive.ar; includeInIndex = 0; path = libGDE.a; sourceTree = BUILT_PRODUCTS_DIR; };
/* End PBXFileReference section */

/* Begin PBXFrameworksBuildPhase section */
		9CB89EF81834507C0025BFE4 /* Frameworks */ = {
			isa = PBXFrameworksBuildPhase;
			buildActionMask = 2147483647;
			files = (
				9CDAA8371834539F00A11FFD /* SFML.framework in Frameworks */,
			);
			runOnlyForDeploymentPostprocessing = 0;
		};
/* End PBXFrameworksBuildPhase section */

/* Begin PBXGroup section */
		9C11C135182FF77A00988E31 /* Frameworks */ = {
			isa = PBXGroup;
			children = (
				9C11C132182FF75E00988E31 /* SFML.framework */,
			);
			name = Frameworks;
			sourceTree = "<group>";
		};
		9C3D44A618340BA300B1F6AC /* source */ = {
			isa = PBXGroup;
			children = (
				9C3D44A718340BA300B1F6AC /* Core */,
				9C3D44B018340BA300B1F6AC /* Log */,
				9C3D44B218340BA300B1F6AC /* Utils */,
			);
			name = source;
			path = ../../src/GDE/source;
			sourceTree = "<group>";
		};
		9C3D44A718340BA300B1F6AC /* Core */ = {
			isa = PBXGroup;
			children = (
				9C3D44A918340BA300B1F6AC /* App.cpp */,
				9C3D44AB18340BA300B1F6AC /* ConfigCreate.cpp */,
				9C3D44AC18340BA300B1F6AC /* ConfigReader.cpp */,
				9C3D44AE18340BA300B1F6AC /* Scene.cpp */,
				9C3D44AF18340BA300B1F6AC /* SceneManager.cpp */,
			);
			path = Core;
			sourceTree = "<group>";
		};
		9C3D44B018340BA300B1F6AC /* Log */ = {
			isa = PBXGroup;
			children = (
				9C3D44B118340BA300B1F6AC /* Log.cpp */,
			);
			path = Log;
			sourceTree = "<group>";
		};
		9C3D44B218340BA300B1F6AC /* Utils */ = {
			isa = PBXGroup;
			children = (
				9C3D44B318340BA300B1F6AC /* StringUtil.cpp */,
			);
			path = Utils;
			sourceTree = "<group>";
		};
		9C5867C6182F9B95007AC8CC = {
			isa = PBXGroup;
			children = (
				9C3D44A618340BA300B1F6AC /* source */,
				9C3D44A518340B9000B1F6AC /* include */,
				9C11C135182FF77A00988E31 /* Frameworks */,
				9CB89EFB1834507C0025BFE4 /* libGDE.a */,
			);
			sourceTree = "<group>";
			usesTabs = 1;
		};
/* End PBXGroup section */

/* Begin PBXHeadersBuildPhase section */
		9CB89EF91834507C0025BFE4 /* Headers */ = {
			isa = PBXHeadersBuildPhase;
			buildActionMask = 2147483647;
			files = (
			);
			runOnlyForDeploymentPostprocessing = 0;
		};
/* End PBXHeadersBuildPhase section */

/* Begin PBXNativeTarget section */
		9CB89EFA1834507C0025BFE4 /* GDE */ = {
			isa = PBXNativeTarget;
			buildConfigurationList = 9CB89EFC1834507C0025BFE4 /* Build configuration list for PBXNativeTarget "GDE" */;
			buildPhases = (
				9CB89EF71834507C0025BFE4 /* Sources */,
				9CB89EF81834507C0025BFE4 /* Frameworks */,
				9CB89EF91834507C0025BFE4 /* Headers */,
			);
			buildRules = (
			);
			dependencies = (
			);
			name = GDE;
			productName = GDE;
			productReference = 9CB89EFB1834507C0025BFE4 /* libGDE.a */;
			productType = "com.apple.product-type.library.static";
		};
/* End PBXNativeTarget section */

/* Begin PBXProject section */
		9C5867C7182F9B95007AC8CC /* Project object */ = {
			isa = PBXProject;
			attributes = {
				LastUpgradeCheck = 0500;
			};
			buildConfigurationList = 9C5867CA182F9B95007AC8CC /* Build configuration list for PBXProject "GDE" */;
			compatibilityVersion = "Xcode 3.2";
			developmentRegion = English;
			hasScannedForEncodings = 0;
			knownRegions = (
				en,
			);
			mainGroup = 9C5867C6182F9B95007AC8CC;
			productRefGroup = 9C5867C6182F9B95007AC8CC;
			projectDirPath = "";
			projectRoot = "";
			targets = (
				9CB89EFA1834507C0025BFE4 /* GDE */,
			);
		};
/* End PBXProject section */

/* Begin PBXSourcesBuildPhase section */
		9CB89EF71834507C0025BFE4 /* Sources */ = {
			isa = PBXSourcesBuildPhase;
			buildActionMask = 2147483647;
			files = (
				9CDAA8301834530100A11FFD /* App.cpp in Sources */,
				9CDAA8311834530100A11FFD /* ConfigCreate.cpp in Sources */,
				9CDAA8321834530100A11FFD /* ConfigReader.cpp in Sources */,
				9CDAA8331834530100A11FFD /* Scene.cpp in Sources */,
				9CDAA8341834530100A11FFD /* SceneManager.cpp in Sources */,
				9CDAA8351834530100A11FFD /* Log.cpp in Sources */,
				9CDAA8361834530100A11FFD /* StringUtil.cpp in Sources */,
			);
			runOnlyForDeploymentPostprocessing = 0;
		};
/* End PBXSourcesBuildPhase section */

/* Begin XCBuildConfiguration section */
		9C5867CB182F9B95007AC8CC /* Debug */ = {
			isa = XCBuildConfiguration;
			buildSettings = {
				ONLY_ACTIVE_ARCH = YES;
			};
			name = Debug;
		};
		9C5867CC182F9B95007AC8CC /* Release */ = {
			isa = XCBuildConfiguration;
			buildSettings = {
			};
			name = Release;
		};
		9CB89EFD1834507C0025BFE4 /* Debug */ = {
			isa = XCBuildConfiguration;
			buildSettings = {
				ALWAYS_SEARCH_USER_PATHS = NO;
				CLANG_CXX_LANGUAGE_STANDARD = "gnu++0x";
				CLANG_CXX_LIBRARY = "libc++";
				CLANG_ENABLE_OBJC_ARC = YES;
				CLANG_WARN_BOOL_CONVERSION = YES;
				CLANG_WARN_CONSTANT_CONVERSION = YES;
				CLANG_WARN_DIRECT_OBJC_ISA_USAGE = YES_ERROR;
				CLANG_WARN_EMPTY_BODY = YES;
				CLANG_WARN_ENUM_CONVERSION = YES;
				CLANG_WARN_INT_CONVERSION = YES;
				CLANG_WARN_OBJC_ROOT_CLASS = YES_ERROR;
				CLANG_WARN__DUPLICATE_METHOD_MATCH = YES;
				COPY_PHASE_STRIP = NO;
				EXECUTABLE_PREFIX = lib;
				FRAMEWORK_SEARCH_PATHS = (
					"$(inherited)",
					"$(LOCAL_LIBRARY_DIR)/Frameworks",
				);
				GCC_C_LANGUAGE_STANDARD = gnu99;
				GCC_DYNAMIC_NO_PIC = NO;
				GCC_ENABLE_OBJC_EXCEPTIONS = YES;
				GCC_OPTIMIZATION_LEVEL = 0;
				GCC_PREPROCESSOR_DEFINITIONS = (
					"DEBUG=1",
					"$(inherited)",
				);
				GCC_SYMBOLS_PRIVATE_EXTERN = NO;
				GCC_WARN_64_TO_32_BIT_CONVERSION = YES;
				GCC_WARN_ABOUT_RETURN_TYPE = YES_ERROR;
				GCC_WARN_UNDECLARED_SELECTOR = YES;
				GCC_WARN_UNINITIALIZED_AUTOS = YES;
				GCC_WARN_UNUSED_FUNCTION = YES;
				GCC_WARN_UNUSED_VARIABLE = YES;
				LIBRARY_SEARCH_PATHS = "../../src/**";
				MACOSX_DEPLOYMENT_TARGET = 10.9;
				PRODUCT_NAME = "$(TARGET_NAME)";
				SDKROOT = macosx;
				USER_HEADER_SEARCH_PATHS = "../../src/GDE/include/**";
			};
			name = Debug;
		};
		9CB89EFE1834507C0025BFE4 /* Release */ = {
			isa = XCBuildConfiguration;
			buildSettings = {
				ALWAYS_SEARCH_USER_PATHS = NO;
				CLANG_CXX_LANGUAGE_STANDARD = "gnu++0x";
				CLANG_CXX_LIBRARY = "libc++";
				CLANG_ENABLE_OBJC_ARC = YES;
				CLANG_WARN_BOOL_CONVERSION = YES;
				CLANG_WARN_CONSTANT_CONVERSION = YES;
				CLANG_WARN_DIRECT_OBJC_ISA_USAGE = YES_ERROR;
				CLANG_WARN_EMPTY_BODY = YES;
				CLANG_WARN_ENUM_CONVERSION = YES;
				CLANG_WARN_INT_CONVERSION = YES;
				CLANG_WARN_OBJC_ROOT_CLASS = YES_ERROR;
				CLANG_WARN__DUPLICATE_METHOD_MATCH = YES;
				COPY_PHASE_STRIP = YES;
				DEBUG_INFORMATION_FORMAT = "dwarf-with-dsym";
				ENABLE_NS_ASSERTIONS = NO;
				EXECUTABLE_PREFIX = lib;
				FRAMEWORK_SEARCH_PATHS = (
					"$(inherited)",
					"$(LOCAL_LIBRARY_DIR)/Frameworks",
				);
				GCC_C_LANGUAGE_STANDARD = gnu99;
				GCC_ENABLE_OBJC_EXCEPTIONS = YES;
				GCC_WARN_64_TO_32_BIT_CONVERSION = YES;
				GCC_WARN_ABOUT_RETURN_TYPE = YES_ERROR;
				GCC_WARN_UNDECLARED_SELECTOR = YES;
				GCC_WARN_UNINITIALIZED_AUTOS = YES;
				GCC_WARN_UNUSED_FUNCTION = YES;
				GCC_WARN_UNUSED_VARIABLE = YES;
				LIBRARY_SEARCH_PATHS = "../../src/**";
				MACOSX_DEPLOYMENT_TARGET = 10.9;
				PRODUCT_NAME = "$(TARGET_NAME)";
				SDKROOT = macosx;
				USER_HEADER_SEARCH_PATHS = "../../src/GDE/include/**";
			};
			name = Release;
		};
/* End XCBuildConfiguration section */

/* Begin XCConfigurationList section */
		9C5867CA182F9B95007AC8CC /* Build configuration list for PBXProject "GDE" */ = {
			isa = XCConfigurationList;
			buildConfigurations = (
				9C5867CB182F9B95007AC8CC /* Debug */,
				9C5867CC182F9B95007AC8CC /* Release */,
			);
			defaultConfigurationIsVisible = 0;
			defaultConfigurationName = Debug;
		};
		9CB89EFC1834507C0025BFE4 /* Build configuration list for PBXNativeTarget "GDE" */ = {
			isa = XCConfigurationList;
			buildConfigurations = (
				9CB89EFD1834507C0025BFE4 /* Debug */,
				9CB89EFE1834507C0025BFE4 /* Release */,
			);
			defaultConfigurationIsVisible = 0;
			defaultConfigurationName = Debug;
		};
/* End XCConfigurationList section */
	};
	rootObject = 9C5867C7182F9B95007AC8CC /* Project object */;
}
