<?xml version="1.0" encoding="utf-8"?>
<Project ToolsVersion="4.0" xmlns="http://schemas.microsoft.com/developer/msbuild/2003">
  <ItemGroup>
    <Filter Include="Archivos de código fuente">
      <UniqueIdentifier>{4FC737F1-C7A5-4376-A066-2A32D752A2FF}</UniqueIdentifier>
      <Extensions>cpp;c;cc;cxx;def;odl;idl;hpj;bat;asm;asmx</Extensions>
    </Filter>
    <Filter Include="Archivos de encabezado">
      <UniqueIdentifier>{93995380-89BD-4b04-88EB-625FBE52EBFB}</UniqueIdentifier>
      <Extensions>h;hh;hpp;hxx;hm;inl;inc;xsd</Extensions>
    </Filter>
    <Filter Include="Archivos de recursos">
      <UniqueIdentifier>{67DA6AB6-F800-4c08-8B7A-83BB121AAD01}</UniqueIdentifier>
      <Extensions>rc;ico;cur;bmp;dlg;rc2;rct;bin;rgs;gif;jpg;jpeg;jpe;resx;tiff;tif;png;wav;mfcribbon-ms</Extensions>
    </Filter>
    <Filter Include="Archivos de código fuente\Core">
      <UniqueIdentifier>{c69023e2-4e89-4fcb-a8ef-88e8998ca384}</UniqueIdentifier>
    </Filter>
    <Filter Include="Archivos de encabezado\Core">
      <UniqueIdentifier>{a74a72d9-bfef-4a1a-8336-3ffbe768f45c}</UniqueIdentifier>
    </Filter>
  </ItemGroup>
  <ItemGroup>
    <ClInclude Include="..\..\..\include\GDE\Core\App.hpp">
      <Filter>Archivos de encabezado\Core</Filter>
    </ClInclude>
    <ClInclude Include="..\..\..\include\GDE\Config.hpp">
      <Filter>Archivos de encabezado</Filter>
    </ClInclude>
    <ClInclude Include="..\..\..\include\GDE\Core.hpp">
      <Filter>Archivos de encabezado</Filter>
    </ClInclude>
    <ClInclude Include="..\..\..\include\GDE\Core\ConfigReader.hpp">
      <Filter>Archivos de encabezado\Core</Filter>
    </ClInclude>
    <ClInclude Include="..\..\..\include\GDE\Core\CoreTypes.hpp">
      <Filter>Archivos de encabezado\Core</Filter>
    </ClInclude>
    <ClInclude Include="..\..\..\include\GDE\Core\StringsUtil.hpp">
      <Filter>Archivos de encabezado\Core</Filter>
    </ClInclude>
    <ClInclude Include="..\..\..\include\GDE\Core\Log.hpp">
      <Filter>Archivos de encabezado\Core</Filter>
    </ClInclude>
    <ClInclude Include="..\..\..\include\GDE\Core\ConfigCreate.hpp">
      <Filter>Archivos de encabezado\Core</Filter>
    </ClInclude>
    <ClInclude Include="..\..\..\include\GDE\Core\Scene.hpp">
      <Filter>Archivos de encabezado\Core</Filter>
    </ClInclude>
    <ClInclude Include="..\..\..\include\GDE\Core\SceneManager.hpp">
      <Filter>Archivos de encabezado\Core</Filter>
    </ClInclude>
  </ItemGroup>
  <ItemGroup>
    <ClCompile Include="..\..\..\src\GDE\Core\App.cpp">
      <Filter>Archivos de código fuente\Core</Filter>
    </ClCompile>
    <ClCompile Include="..\..\..\src\GDE\Core\ConfigReader.cpp">
      <Filter>Archivos de código fuente\Core</Filter>
    </ClCompile>
    <ClCompile Include="..\..\..\src\GDE\Core\Log.cpp">
      <Filter>Archivos de código fuente\Core</Filter>
    </ClCompile>
    <ClCompile Include="..\..\..\src\GDE\Core\StringUtil.cpp">
      <Filter>Archivos de código fuente\Core</Filter>
    </ClCompile>
    <ClCompile Include="..\..\..\src\GDE\Core\ConfigCreate.cpp">
      <Filter>Archivos de código fuente\Core</Filter>
    </ClCompile>
    <ClCompile Include="..\..\..\src\GDE\Core\Scene.cpp">
      <Filter>Archivos de código fuente\Core</Filter>
    </ClCompile>
    <ClCompile Include="..\..\..\src\GDE\Core\SceneManager.cpp">
      <Filter>Archivos de código fuente\Core</Filter>
    </ClCompile>
  </ItemGroup>
</Project>